# katex-macros.js ↔ Operators.sty 겹침 attestation — macro_parity.py --write 로만 갱신
Alg	{\\mathbf{Alg}_{#1}}	\newcommand{\Alg}[1]{\mathbf{Alg}_{#1}}
CaDiv	\\operatorname{CaDiv}	\DeclareMathOperator{\CaDiv}{CaDiv}
Chow	\\operatorname{Chow}	\DeclareMathOperator{\Chow}{Chow}
Cl	\\operatorname{Cl}	\DeclareMathOperator{\Cl}{Cl}
Der	\\operatorname{Der}	\DeclareMathOperator{\Der}{Der}
Div	\\operatorname{Div}	\DeclareMathOperator{\Div}{Div}
Gr	\\operatorname{Gr}	\DeclareMathOperator{\Gr}{Gr}
Hom	\\operatorname{Hom}	\DeclareMathOperator{\Hom}{Hom}
Pic	\\operatorname{Pic}	\DeclareMathOperator{\Pic}{Pic}
Spe	\\operatorname{Sp\\acute{e}}	\DeclareMathOperator{\Spe}{Sp\acute{e}}
Spec	\\operatorname{Spec}	\DeclareMathOperator{\Spec}{Spec}
cRing	\\mathbf{cRing}	\newcommand{\cRing}{\mathbf{cRing}}
coker	\\operatorname{coker}	\DeclareMathOperator{\coker}{coker}
id	\\mathrm{id}	\newcommand{\id}{\mathrm{id}}
lMod	{\{\}_{#1}\\mathbf{Mod}}	\newcommand{\lMod}[1]{{}_{#1}\mathbf{Mod}}
pr	\\mathrm{pr}	\DeclareMathOperator{\pr}{pr}
rMod	{\\mathbf{Mod}_{#1}}	\newcommand{\rMod}[1]{\mathbf{Mod}_{#1}}
x	\\mathrm{x}	\newcommand{\x}{\mathrm{x}}
y	\\mathrm{y}	\newcommand{\y}{\mathrm{y}}
